
Microsoft Visual Studio Solution File, Format Version 12.00
# Visual Studio Version 17
VisualStudioVersion = 17.0.31912.275
MinimumVisualStudioVersion = 10.0.40219.1
Project("{FAE04EC0-301F-11D3-BF4B-00C04F79EFBC}") = "Loginwpfk020", "Loginwpfk020.csproj", "{335192EB-AE8B-4CAF-A9DB-CC752469D24D}"
EndProject
Global
	GlobalSection(SolutionConfigurationPlatforms) = preSolution
		Debug|Any CPU = Debug|Any CPU
		Release|Any CPU = Release|Any CPU
	EndGlobalSection
	GlobalSection(ProjectConfigurationPlatforms) = postSolution
		{335192EB-AE8B-4CAF-A9DB-CC752469D24D}.Debug|Any CPU.ActiveCfg = Debug|Any CPU
		{335192EB-AE8B-4CAF-A9DB-CC752469D24D}.Debug|Any CPU.Build.0 = Debug|Any CPU
		{335192EB-AE8B-4CAF-A9DB-CC752469D24D}.Release|Any CPU.ActiveCfg = Release|Any CPU
		{335192EB-AE8B-4CAF-A9DB-CC752469D24D}.Release|Any CPU.Build.0 = Release|Any CPU
	EndGlobalSection
	GlobalSection(SolutionProperties) = preSolution
		HideSolutionNode = FALSE
	EndGlobalSection
	GlobalSection(ExtensibilityGlobals) = postSolution
		SolutionGuid = {C9E7BF0F-AE7C-422F-8E4B-20953A6E2468}
	EndGlobalSection
EndGlobal
